
Microsoft Visual Studio Solution File, Format Version 12.00
Project("{FAE04EC0-301F-11D3-BF4B-00C04F79EFBC}") = "grabs.Graphics", "src\grabs.Graphics\grabs.Graphics.csproj", "{7D9BD92E-BF42-40C2-921E-C7206CD22DE2}"
EndProject
Project("{FAE04EC0-301F-11D3-BF4B-00C04F79EFBC}") = "grabs.Graphics.D3D11", "src\grabs.Graphics.D3D11\grabs.Graphics.D3D11.csproj", "{B0C31D4C-699E-4878-BDFD-79359926786B}"
EndProject
Project("{2150E333-8FDC-42A3-9474-1A3956D46DE8}") = "tests", "tests", "{059B98D7-A112-4088-AAF4-A86B83F3A09A}"
EndProject
Project("{FAE04EC0-301F-11D3-BF4B-00C04F79EFBC}") = "grabs.Tests", "tests\grabs.Tests\grabs.Tests.csproj", "{79E326C9-3930-4BD6-B6FD-FB9BACA9E1F7}"
EndProject
Project("{FAE04EC0-301F-11D3-BF4B-00C04F79EFBC}") = "grabs.ShaderCompiler.DXC", "src\grabs.ShaderCompiler.DXC\grabs.ShaderCompiler.DXC.csproj", "{FD0015A3-A618-4DF8-A2BE-BEE5268FBC16}"
EndProject
Project("{FAE04EC0-301F-11D3-BF4B-00C04F79EFBC}") = "grabs.Tests.Compilers", "tests\grabs.Tests.Compilers\grabs.Tests.Compilers.csproj", "{5738189B-4854-4E3C-A3A3-4EDCD38AAD5B}"
EndProject
Project("{FAE04EC0-301F-11D3-BF4B-00C04F79EFBC}") = "grabs.Graphics.GL43", "src\grabs.Graphics.GL43\grabs.Graphics.GL43.csproj", "{FDE00345-6C51-4350-92B3-4D60A6ACBDD7}"
EndProject
Project("{FAE04EC0-301F-11D3-BF4B-00C04F79EFBC}") = "grabs.ShaderCompiler.Spirv", "src\grabs.ShaderCompiler.Spirv\grabs.ShaderCompiler.Spirv.csproj", "{BECF586E-1FF7-4B90-A67C-DC4F52D54F9B}"
EndProject
Project("{FAE04EC0-301F-11D3-BF4B-00C04F79EFBC}") = "grabs.Core", "src\grabs.Core\grabs.Core.csproj", "{6D67AF15-F72F-4B6A-AB59-EEC0CE33D1EF}"
EndProject
Project("{FAE04EC0-301F-11D3-BF4B-00C04F79EFBC}") = "grabs.Graphics.Vulkan", "src\grabs.Graphics.Vulkan\grabs.Graphics.Vulkan.csproj", "{80597A66-3E5E-4788-8E11-1053D4328EDB}"
EndProject
Project("{FAE04EC0-301F-11D3-BF4B-00C04F79EFBC}") = "grabs.Audio", "src\grabs.Audio\grabs.Audio.csproj", "{78DDFCB5-C781-4FF3-B05F-F14BB8864772}"
EndProject
Project("{FAE04EC0-301F-11D3-BF4B-00C04F79EFBC}") = "grabs.Tests.Audio", "tests\grabs.Tests.Audio\grabs.Tests.Audio.csproj", "{7F891CA1-5BEC-4E72-84D7-E4C0CFEA6D7B}"
EndProject
Project("{FAE04EC0-301F-11D3-BF4B-00C04F79EFBC}") = "grabs.Windowing", "src\grabs.Windowing\grabs.Windowing.csproj", "{8CDF4211-986F-469A-B8C5-93B17EF514A6}"
EndProject
Project("{FAE04EC0-301F-11D3-BF4B-00C04F79EFBC}") = "Tests.Windowing", "tests\Tests.Windowing\Tests.Windowing.csproj", "{6974FB92-29BA-4F90-82CC-22755D1A0DED}"
EndProject
Project("{2150E333-8FDC-42A3-9474-1A3956D46DE8}") = "examples", "examples", "{9FE9C62B-5806-4F04-809D-A84398BCAE41}"
EndProject
Project("{2150E333-8FDC-42A3-9474-1A3956D46DE8}") = "Tutorials", "Tutorials", "{D54B6DB7-DFE4-4164-8102-D2E4C58AA366}"
EndProject
Project("{FAE04EC0-301F-11D3-BF4B-00C04F79EFBC}") = "1.1-BasicWindow", "examples\Tutorials\1.1-BasicWindow\1.1-BasicWindow.csproj", "{D99879E7-35D3-4A54-B1D6-D3B706A3FD47}"
EndProject
Project("{FAE04EC0-301F-11D3-BF4B-00C04F79EFBC}") = "Common", "examples\Tutorials\Common\Common.csproj", "{D9551FBA-ABDC-488D-8416-71035C3027E9}"
EndProject
Project("{FAE04EC0-301F-11D3-BF4B-00C04F79EFBC}") = "1.2-SimpleQuad", "examples\Tutorials\1.2-SimpleQuad\1.2-SimpleQuad.csproj", "{096E4138-0880-4ED6-93E4-5F57AB58AFCB}"
EndProject
Project("{FAE04EC0-301F-11D3-BF4B-00C04F79EFBC}") = "grabs.Utils", "src\grabs.Utils\grabs.Utils.csproj", "{E82B33DB-A728-4FFC-BE53-10728ADC8097}"
EndProject
Project("{FAE04EC0-301F-11D3-BF4B-00C04F79EFBC}") = "1.3-Texture", "examples\Tutorials\1.3-Texture\1.3-Texture.csproj", "{E76C4981-D237-4FA9-B077-D3087E022358}"
EndProject
Global
	GlobalSection(SolutionConfigurationPlatforms) = preSolution
		Debug|Any CPU = Debug|Any CPU
		Release|Any CPU = Release|Any CPU
	EndGlobalSection
	GlobalSection(ProjectConfigurationPlatforms) = postSolution
		{7D9BD92E-BF42-40C2-921E-C7206CD22DE2}.Debug|Any CPU.ActiveCfg = Debug|Any CPU
		{7D9BD92E-BF42-40C2-921E-C7206CD22DE2}.Debug|Any CPU.Build.0 = Debug|Any CPU
		{7D9BD92E-BF42-40C2-921E-C7206CD22DE2}.Release|Any CPU.ActiveCfg = Release|Any CPU
		{7D9BD92E-BF42-40C2-921E-C7206CD22DE2}.Release|Any CPU.Build.0 = Release|Any CPU
		{B0C31D4C-699E-4878-BDFD-79359926786B}.Debug|Any CPU.ActiveCfg = Debug|Any CPU
		{B0C31D4C-699E-4878-BDFD-79359926786B}.Debug|Any CPU.Build.0 = Debug|Any CPU
		{B0C31D4C-699E-4878-BDFD-79359926786B}.Release|Any CPU.ActiveCfg = Release|Any CPU
		{B0C31D4C-699E-4878-BDFD-79359926786B}.Release|Any CPU.Build.0 = Release|Any CPU
		{79E326C9-3930-4BD6-B6FD-FB9BACA9E1F7}.Debug|Any CPU.ActiveCfg = Debug|Any CPU
		{79E326C9-3930-4BD6-B6FD-FB9BACA9E1F7}.Debug|Any CPU.Build.0 = Debug|Any CPU
		{79E326C9-3930-4BD6-B6FD-FB9BACA9E1F7}.Release|Any CPU.ActiveCfg = Release|Any CPU
		{79E326C9-3930-4BD6-B6FD-FB9BACA9E1F7}.Release|Any CPU.Build.0 = Release|Any CPU
		{FD0015A3-A618-4DF8-A2BE-BEE5268FBC16}.Debug|Any CPU.ActiveCfg = Debug|Any CPU
		{FD0015A3-A618-4DF8-A2BE-BEE5268FBC16}.Debug|Any CPU.Build.0 = Debug|Any CPU
		{FD0015A3-A618-4DF8-A2BE-BEE5268FBC16}.Release|Any CPU.ActiveCfg = Release|Any CPU
		{FD0015A3-A618-4DF8-A2BE-BEE5268FBC16}.Release|Any CPU.Build.0 = Release|Any CPU
		{5738189B-4854-4E3C-A3A3-4EDCD38AAD5B}.Debug|Any CPU.ActiveCfg = Debug|Any CPU
		{5738189B-4854-4E3C-A3A3-4EDCD38AAD5B}.Debug|Any CPU.Build.0 = Debug|Any CPU
		{5738189B-4854-4E3C-A3A3-4EDCD38AAD5B}.Release|Any CPU.ActiveCfg = Release|Any CPU
		{5738189B-4854-4E3C-A3A3-4EDCD38AAD5B}.Release|Any CPU.Build.0 = Release|Any CPU
		{FDE00345-6C51-4350-92B3-4D60A6ACBDD7}.Debug|Any CPU.ActiveCfg = Debug|Any CPU
		{FDE00345-6C51-4350-92B3-4D60A6ACBDD7}.Debug|Any CPU.Build.0 = Debug|Any CPU
		{FDE00345-6C51-4350-92B3-4D60A6ACBDD7}.Release|Any CPU.ActiveCfg = Release|Any CPU
		{FDE00345-6C51-4350-92B3-4D60A6ACBDD7}.Release|Any CPU.Build.0 = Release|Any CPU
		{BECF586E-1FF7-4B90-A67C-DC4F52D54F9B}.Debug|Any CPU.ActiveCfg = Debug|Any CPU
		{BECF586E-1FF7-4B90-A67C-DC4F52D54F9B}.Debug|Any CPU.Build.0 = Debug|Any CPU
		{BECF586E-1FF7-4B90-A67C-DC4F52D54F9B}.Release|Any CPU.ActiveCfg = Release|Any CPU
		{BECF586E-1FF7-4B90-A67C-DC4F52D54F9B}.Release|Any CPU.Build.0 = Release|Any CPU
		{6D67AF15-F72F-4B6A-AB59-EEC0CE33D1EF}.Debug|Any CPU.ActiveCfg = Debug|Any CPU
		{6D67AF15-F72F-4B6A-AB59-EEC0CE33D1EF}.Debug|Any CPU.Build.0 = Debug|Any CPU
		{6D67AF15-F72F-4B6A-AB59-EEC0CE33D1EF}.Release|Any CPU.ActiveCfg = Release|Any CPU
		{6D67AF15-F72F-4B6A-AB59-EEC0CE33D1EF}.Release|Any CPU.Build.0 = Release|Any CPU
		{80597A66-3E5E-4788-8E11-1053D4328EDB}.Debug|Any CPU.ActiveCfg = Debug|Any CPU
		{80597A66-3E5E-4788-8E11-1053D4328EDB}.Debug|Any CPU.Build.0 = Debug|Any CPU
		{80597A66-3E5E-4788-8E11-1053D4328EDB}.Release|Any CPU.ActiveCfg = Release|Any CPU
		{80597A66-3E5E-4788-8E11-1053D4328EDB}.Release|Any CPU.Build.0 = Release|Any CPU
		{78DDFCB5-C781-4FF3-B05F-F14BB8864772}.Debug|Any CPU.ActiveCfg = Debug|Any CPU
		{78DDFCB5-C781-4FF3-B05F-F14BB8864772}.Debug|Any CPU.Build.0 = Debug|Any CPU
		{78DDFCB5-C781-4FF3-B05F-F14BB8864772}.Release|Any CPU.ActiveCfg = Release|Any CPU
		{78DDFCB5-C781-4FF3-B05F-F14BB8864772}.Release|Any CPU.Build.0 = Release|Any CPU
		{7F891CA1-5BEC-4E72-84D7-E4C0CFEA6D7B}.Debug|Any CPU.ActiveCfg = Debug|Any CPU
		{7F891CA1-5BEC-4E72-84D7-E4C0CFEA6D7B}.Debug|Any CPU.Build.0 = Debug|Any CPU
		{7F891CA1-5BEC-4E72-84D7-E4C0CFEA6D7B}.Release|Any CPU.ActiveCfg = Release|Any CPU
		{7F891CA1-5BEC-4E72-84D7-E4C0CFEA6D7B}.Release|Any CPU.Build.0 = Release|Any CPU
		{8CDF4211-986F-469A-B8C5-93B17EF514A6}.Debug|Any CPU.ActiveCfg = Debug|Any CPU
		{8CDF4211-986F-469A-B8C5-93B17EF514A6}.Debug|Any CPU.Build.0 = Debug|Any CPU
		{8CDF4211-986F-469A-B8C5-93B17EF514A6}.Release|Any CPU.ActiveCfg = Release|Any CPU
		{8CDF4211-986F-469A-B8C5-93B17EF514A6}.Release|Any CPU.Build.0 = Release|Any CPU
		{6974FB92-29BA-4F90-82CC-22755D1A0DED}.Debug|Any CPU.ActiveCfg = Debug|Any CPU
		{6974FB92-29BA-4F90-82CC-22755D1A0DED}.Debug|Any CPU.Build.0 = Debug|Any CPU
		{6974FB92-29BA-4F90-82CC-22755D1A0DED}.Release|Any CPU.ActiveCfg = Release|Any CPU
		{6974FB92-29BA-4F90-82CC-22755D1A0DED}.Release|Any CPU.Build.0 = Release|Any CPU
		{D99879E7-35D3-4A54-B1D6-D3B706A3FD47}.Debug|Any CPU.ActiveCfg = Debug|Any CPU
		{D99879E7-35D3-4A54-B1D6-D3B706A3FD47}.Debug|Any CPU.Build.0 = Debug|Any CPU
		{D99879E7-35D3-4A54-B1D6-D3B706A3FD47}.Release|Any CPU.ActiveCfg = Release|Any CPU
		{D99879E7-35D3-4A54-B1D6-D3B706A3FD47}.Release|Any CPU.Build.0 = Release|Any CPU
		{D9551FBA-ABDC-488D-8416-71035C3027E9}.Debug|Any CPU.ActiveCfg = Debug|Any CPU
		{D9551FBA-ABDC-488D-8416-71035C3027E9}.Debug|Any CPU.Build.0 = Debug|Any CPU
		{D9551FBA-ABDC-488D-8416-71035C3027E9}.Release|Any CPU.ActiveCfg = Release|Any CPU
		{D9551FBA-ABDC-488D-8416-71035C3027E9}.Release|Any CPU.Build.0 = Release|Any CPU
		{096E4138-0880-4ED6-93E4-5F57AB58AFCB}.Debug|Any CPU.ActiveCfg = Debug|Any CPU
		{096E4138-0880-4ED6-93E4-5F57AB58AFCB}.Debug|Any CPU.Build.0 = Debug|Any CPU
		{096E4138-0880-4ED6-93E4-5F57AB58AFCB}.Release|Any CPU.ActiveCfg = Release|Any CPU
		{096E4138-0880-4ED6-93E4-5F57AB58AFCB}.Release|Any CPU.Build.0 = Release|Any CPU
		{E82B33DB-A728-4FFC-BE53-10728ADC8097}.Debug|Any CPU.ActiveCfg = Debug|Any CPU
		{E82B33DB-A728-4FFC-BE53-10728ADC8097}.Debug|Any CPU.Build.0 = Debug|Any CPU
		{E82B33DB-A728-4FFC-BE53-10728ADC8097}.Release|Any CPU.ActiveCfg = Release|Any CPU
		{E82B33DB-A728-4FFC-BE53-10728ADC8097}.Release|Any CPU.Build.0 = Release|Any CPU
		{E76C4981-D237-4FA9-B077-D3087E022358}.Debug|Any CPU.ActiveCfg = Debug|Any CPU
		{E76C4981-D237-4FA9-B077-D3087E022358}.Debug|Any CPU.Build.0 = Debug|Any CPU
		{E76C4981-D237-4FA9-B077-D3087E022358}.Release|Any CPU.ActiveCfg = Release|Any CPU
		{E76C4981-D237-4FA9-B077-D3087E022358}.Release|Any CPU.Build.0 = Release|Any CPU
	EndGlobalSection
	GlobalSection(NestedProjects) = preSolution
		{79E326C9-3930-4BD6-B6FD-FB9BACA9E1F7} = {059B98D7-A112-4088-AAF4-A86B83F3A09A}
		{5738189B-4854-4E3C-A3A3-4EDCD38AAD5B} = {059B98D7-A112-4088-AAF4-A86B83F3A09A}
		{7F891CA1-5BEC-4E72-84D7-E4C0CFEA6D7B} = {059B98D7-A112-4088-AAF4-A86B83F3A09A}
		{6974FB92-29BA-4F90-82CC-22755D1A0DED} = {059B98D7-A112-4088-AAF4-A86B83F3A09A}
		{D54B6DB7-DFE4-4164-8102-D2E4C58AA366} = {9FE9C62B-5806-4F04-809D-A84398BCAE41}
		{D99879E7-35D3-4A54-B1D6-D3B706A3FD47} = {D54B6DB7-DFE4-4164-8102-D2E4C58AA366}
		{D9551FBA-ABDC-488D-8416-71035C3027E9} = {D54B6DB7-DFE4-4164-8102-D2E4C58AA366}
		{096E4138-0880-4ED6-93E4-5F57AB58AFCB} = {D54B6DB7-DFE4-4164-8102-D2E4C58AA366}
		{E76C4981-D237-4FA9-B077-D3087E022358} = {D54B6DB7-DFE4-4164-8102-D2E4C58AA366}
	EndGlobalSection
EndGlobal
