
Microsoft Visual Studio Solution File, Format Version 12.00
Project("{FAE04EC0-301F-11D3-BF4B-00C04F79EFBC}") = "grabs.Graphics", "src\grabs.Graphics\grabs.Graphics.csproj", "{A77F201F-7A57-4825-8F57-86FA4C76BE7A}"
EndProject
Project("{FAE04EC0-301F-11D3-BF4B-00C04F79EFBC}") = "grabs.Graphics.Vulkan", "src\grabs.Graphics.Vulkan\grabs.Graphics.Vulkan.csproj", "{4E16A91B-2FBE-4B91-A953-C572081FD9C6}"
EndProject
Project("{FAE04EC0-301F-11D3-BF4B-00C04F79EFBC}") = "grabs.Core", "src\grabs.Core\grabs.Core.csproj", "{329EFE9B-3094-49EC-8E2D-679560587C28}"
EndProject
Project("{2150E333-8FDC-42A3-9474-1A3956D46DE8}") = "tests", "tests", "{C44D31D3-DC8D-4A27-803C-EB82456C636B}"
EndProject
Project("{FAE04EC0-301F-11D3-BF4B-00C04F79EFBC}") = "grabs.Graphics.Tests", "tests\grabs.Graphics.Tests\grabs.Graphics.Tests.csproj", "{F4A23FE4-31BA-4D34-8619-8B997963F895}"
EndProject
Project("{FAE04EC0-301F-11D3-BF4B-00C04F79EFBC}") = "grabs.ShaderCompiler", "src\grabs.ShaderCompiler\grabs.ShaderCompiler.csproj", "{5B57C518-039B-4CA7-8D5C-965F7CC6D86E}"
EndProject
Global
	GlobalSection(SolutionConfigurationPlatforms) = preSolution
		Debug|Any CPU = Debug|Any CPU
		Release|Any CPU = Release|Any CPU
	EndGlobalSection
	GlobalSection(ProjectConfigurationPlatforms) = postSolution
		{A77F201F-7A57-4825-8F57-86FA4C76BE7A}.Debug|Any CPU.ActiveCfg = Debug|Any CPU
		{A77F201F-7A57-4825-8F57-86FA4C76BE7A}.Debug|Any CPU.Build.0 = Debug|Any CPU
		{A77F201F-7A57-4825-8F57-86FA4C76BE7A}.Release|Any CPU.ActiveCfg = Release|Any CPU
		{A77F201F-7A57-4825-8F57-86FA4C76BE7A}.Release|Any CPU.Build.0 = Release|Any CPU
		{4E16A91B-2FBE-4B91-A953-C572081FD9C6}.Debug|Any CPU.ActiveCfg = Debug|Any CPU
		{4E16A91B-2FBE-4B91-A953-C572081FD9C6}.Debug|Any CPU.Build.0 = Debug|Any CPU
		{4E16A91B-2FBE-4B91-A953-C572081FD9C6}.Release|Any CPU.ActiveCfg = Release|Any CPU
		{4E16A91B-2FBE-4B91-A953-C572081FD9C6}.Release|Any CPU.Build.0 = Release|Any CPU
		{329EFE9B-3094-49EC-8E2D-679560587C28}.Debug|Any CPU.ActiveCfg = Debug|Any CPU
		{329EFE9B-3094-49EC-8E2D-679560587C28}.Debug|Any CPU.Build.0 = Debug|Any CPU
		{329EFE9B-3094-49EC-8E2D-679560587C28}.Release|Any CPU.ActiveCfg = Release|Any CPU
		{329EFE9B-3094-49EC-8E2D-679560587C28}.Release|Any CPU.Build.0 = Release|Any CPU
		{F4A23FE4-31BA-4D34-8619-8B997963F895}.Debug|Any CPU.ActiveCfg = Debug|Any CPU
		{F4A23FE4-31BA-4D34-8619-8B997963F895}.Debug|Any CPU.Build.0 = Debug|Any CPU
		{F4A23FE4-31BA-4D34-8619-8B997963F895}.Release|Any CPU.ActiveCfg = Release|Any CPU
		{F4A23FE4-31BA-4D34-8619-8B997963F895}.Release|Any CPU.Build.0 = Release|Any CPU
		{5B57C518-039B-4CA7-8D5C-965F7CC6D86E}.Debug|Any CPU.ActiveCfg = Debug|Any CPU
		{5B57C518-039B-4CA7-8D5C-965F7CC6D86E}.Debug|Any CPU.Build.0 = Debug|Any CPU
		{5B57C518-039B-4CA7-8D5C-965F7CC6D86E}.Release|Any CPU.ActiveCfg = Release|Any CPU
		{5B57C518-039B-4CA7-8D5C-965F7CC6D86E}.Release|Any CPU.Build.0 = Release|Any CPU
	EndGlobalSection
	GlobalSection(NestedProjects) = preSolution
		{F4A23FE4-31BA-4D34-8619-8B997963F895} = {C44D31D3-DC8D-4A27-803C-EB82456C636B}
	EndGlobalSection
EndGlobal
