
Microsoft Visual Studio Solution File, Format Version 12.00
Project("{FAE04EC0-301F-11D3-BF4B-00C04F79EFBC}") = "grabs.Graphics", "src\grabs.Graphics\grabs.Graphics.csproj", "{7D9BD92E-BF42-40C2-921E-C7206CD22DE2}"
EndProject
Project("{FAE04EC0-301F-11D3-BF4B-00C04F79EFBC}") = "grabs.Graphics.D3D11", "src\grabs.Graphics.D3D11\grabs.Graphics.D3D11.csproj", "{B0C31D4C-699E-4878-BDFD-79359926786B}"
EndProject
Project("{2150E333-8FDC-42A3-9474-1A3956D46DE8}") = "tests", "tests", "{059B98D7-A112-4088-AAF4-A86B83F3A09A}"
EndProject
Project("{FAE04EC0-301F-11D3-BF4B-00C04F79EFBC}") = "grabs.Tests", "tests\grabs.Tests\grabs.Tests.csproj", "{79E326C9-3930-4BD6-B6FD-FB9BACA9E1F7}"
EndProject
Project("{FAE04EC0-301F-11D3-BF4B-00C04F79EFBC}") = "grabs.ShaderCompiler.DXC", "src\grabs.ShaderCompiler.DXC\grabs.ShaderCompiler.DXC.csproj", "{FD0015A3-A618-4DF8-A2BE-BEE5268FBC16}"
EndProject
Project("{FAE04EC0-301F-11D3-BF4B-00C04F79EFBC}") = "grabs.Tests.Compilers", "tests\grabs.Tests.Compilers\grabs.Tests.Compilers.csproj", "{5738189B-4854-4E3C-A3A3-4EDCD38AAD5B}"
EndProject
Project("{FAE04EC0-301F-11D3-BF4B-00C04F79EFBC}") = "grabs.Graphics.GL43", "src\grabs.Graphics.GL43\grabs.Graphics.GL43.csproj", "{FDE00345-6C51-4350-92B3-4D60A6ACBDD7}"
EndProject
Global
	GlobalSection(SolutionConfigurationPlatforms) = preSolution
		Debug|Any CPU = Debug|Any CPU
		Release|Any CPU = Release|Any CPU
	EndGlobalSection
	GlobalSection(ProjectConfigurationPlatforms) = postSolution
		{7D9BD92E-BF42-40C2-921E-C7206CD22DE2}.Debug|Any CPU.ActiveCfg = Debug|Any CPU
		{7D9BD92E-BF42-40C2-921E-C7206CD22DE2}.Debug|Any CPU.Build.0 = Debug|Any CPU
		{7D9BD92E-BF42-40C2-921E-C7206CD22DE2}.Release|Any CPU.ActiveCfg = Release|Any CPU
		{7D9BD92E-BF42-40C2-921E-C7206CD22DE2}.Release|Any CPU.Build.0 = Release|Any CPU
		{B0C31D4C-699E-4878-BDFD-79359926786B}.Debug|Any CPU.ActiveCfg = Debug|Any CPU
		{B0C31D4C-699E-4878-BDFD-79359926786B}.Debug|Any CPU.Build.0 = Debug|Any CPU
		{B0C31D4C-699E-4878-BDFD-79359926786B}.Release|Any CPU.ActiveCfg = Release|Any CPU
		{B0C31D4C-699E-4878-BDFD-79359926786B}.Release|Any CPU.Build.0 = Release|Any CPU
		{79E326C9-3930-4BD6-B6FD-FB9BACA9E1F7}.Debug|Any CPU.ActiveCfg = Debug|Any CPU
		{79E326C9-3930-4BD6-B6FD-FB9BACA9E1F7}.Debug|Any CPU.Build.0 = Debug|Any CPU
		{79E326C9-3930-4BD6-B6FD-FB9BACA9E1F7}.Release|Any CPU.ActiveCfg = Release|Any CPU
		{79E326C9-3930-4BD6-B6FD-FB9BACA9E1F7}.Release|Any CPU.Build.0 = Release|Any CPU
		{FD0015A3-A618-4DF8-A2BE-BEE5268FBC16}.Debug|Any CPU.ActiveCfg = Debug|Any CPU
		{FD0015A3-A618-4DF8-A2BE-BEE5268FBC16}.Debug|Any CPU.Build.0 = Debug|Any CPU
		{FD0015A3-A618-4DF8-A2BE-BEE5268FBC16}.Release|Any CPU.ActiveCfg = Release|Any CPU
		{FD0015A3-A618-4DF8-A2BE-BEE5268FBC16}.Release|Any CPU.Build.0 = Release|Any CPU
		{5738189B-4854-4E3C-A3A3-4EDCD38AAD5B}.Debug|Any CPU.ActiveCfg = Debug|Any CPU
		{5738189B-4854-4E3C-A3A3-4EDCD38AAD5B}.Debug|Any CPU.Build.0 = Debug|Any CPU
		{5738189B-4854-4E3C-A3A3-4EDCD38AAD5B}.Release|Any CPU.ActiveCfg = Release|Any CPU
		{5738189B-4854-4E3C-A3A3-4EDCD38AAD5B}.Release|Any CPU.Build.0 = Release|Any CPU
		{FDE00345-6C51-4350-92B3-4D60A6ACBDD7}.Debug|Any CPU.ActiveCfg = Debug|Any CPU
		{FDE00345-6C51-4350-92B3-4D60A6ACBDD7}.Debug|Any CPU.Build.0 = Debug|Any CPU
		{FDE00345-6C51-4350-92B3-4D60A6ACBDD7}.Release|Any CPU.ActiveCfg = Release|Any CPU
		{FDE00345-6C51-4350-92B3-4D60A6ACBDD7}.Release|Any CPU.Build.0 = Release|Any CPU
	EndGlobalSection
	GlobalSection(NestedProjects) = preSolution
		{79E326C9-3930-4BD6-B6FD-FB9BACA9E1F7} = {059B98D7-A112-4088-AAF4-A86B83F3A09A}
		{5738189B-4854-4E3C-A3A3-4EDCD38AAD5B} = {059B98D7-A112-4088-AAF4-A86B83F3A09A}
	EndGlobalSection
EndGlobal
